<?xml version="1.0" encoding="utf-8"?>
<Project ToolsVersion="17.0" xmlns="http://schemas.microsoft.com/developer/msbuild/2003">
  <ItemGroup>
    <CustomBuild Include="C:\Users\yoshu\Documents\Materi Kuliah\TA\darknet-master\darknet-master\CMakeFiles\f5c3612e30f18ca44c456b9428d673c5\INSTALL_force.rule">
      <Filter>CMake Rules</Filter>
    </CustomBuild>
  </ItemGroup>
  <ItemGroup>
    <Filter Include="CMake Rules">
      <UniqueIdentifier>{869814AC-E249-38B3-B0D0-E3989AAAD7A4}</UniqueIdentifier>
    </Filter>
  </ItemGroup>
</Project>
